// !$*UTF8*$!
{
	archiveVersion = 1;
	classes = {
	};
	objectVersion = 77;
	objects = {

/* Begin PBXContainerItemProxy section */
		242DA3502D0A9D2F00140DD7 /* PBXContainerItemProxy */ = {
			isa = PBXContainerItemProxy;
			containerPortal = 242DA3322D0A9D2D00140DD7 /* Project object */;
			proxyType = 1;
			remoteGlobalIDString = 242DA3392D0A9D2D00140DD7;
			remoteInfo = mobil;
		};
		242DA35A2D0A9D2F00140DD7 /* PBXContainerItemProxy */ = {
			isa = PBXContainerItemProxy;
			containerPortal = 242DA3322D0A9D2D00140DD7 /* Project object */;
			proxyType = 1;
			remoteGlobalIDString = 242DA3392D0A9D2D00140DD7;
			remoteInfo = mobil;
		};
/* End PBXContainerItemProxy section */

/* Begin PBXFileReference section */
		242DA33A2D0A9D2D00140DD7 /* mobil.app */ = {isa = PBXFileReference; explicitFileType = wrapper.application; includeInIndex = 0; path = mobil.app; sourceTree = BUILT_PRODUCTS_DIR; };
		242DA34F2D0A9D2F00140DD7 /* mobilTests.xctest */ = {isa = PBXFileReference; explicitFileType = wrapper.cfbundle; includeInIndex = 0; path = mobilTests.xctest; sourceTree = BUILT_PRODUCTS_DIR; };
		242DA3592D0A9D2F00140DD7 /* mobilUITests.xctest */ = {isa = PBXFileReference; explicitFileType = wrapper.cfbundle; includeInIndex = 0; path = mobilUITests.xctest; sourceTree = BUILT_PRODUCTS_DIR; };
/* End PBXFileReference section */

/* Begin PBXFileSystemSynchronizedRootGroup section */
		242DA33C2D0A9D2D00140DD7 /* mobil */ = {
			isa = PBXFileSystemSynchronizedRootGroup;
			path = mobil;
			sourceTree = "<group>";
		};
		242DA3522D0A9D2F00140DD7 /* mobilTests */ = {
			isa = PBXFileSystemSynchronizedRootGroup;
			path = mobilTests;
			sourceTree = "<group>";
		};
		242DA35C2D0A9D2F00140DD7 /* mobilUITests */ = {
			isa = PBXFileSystemSynchronizedRootGroup;
			path = mobilUITests;
			sourceTree = "<group>";
		};
/* End PBXFileSystemSynchronizedRootGroup section */

/* Begin PBXFrameworksBuildPhase section */
		242DA3372D0A9D2D00140DD7 /* Frameworks */ = {
			isa = PBXFrameworksBuildPhase;
			buildActionMask = 2147483647;
			files = (
			);
			runOnlyForDeploymentPostprocessing = 0;
		};
		242DA34C2D0A9D2F00140DD7 /* Frameworks */ = {
			isa = PBXFrameworksBuildPhase;
			buildActionMask = 2147483647;
			files = (
			);
			runOnlyForDeploymentPostprocessing = 0;
		};
		242DA3562D0A9D2F00140DD7 /* Frameworks */ = {
			isa = PBXFrameworksBuildPhase;
			buildActionMask = 2147483647;
			files = (
			);
			runOnlyForDeploymentPostprocessing = 0;
		};
/* End PBXFrameworksBuildPhase section */

/* Begin PBXGroup section */
		242DA3312D0A9D2D00140DD7 = {
			isa = PBXGroup;
			children = (
				242DA33C2D0A9D2D00140DD7 /* mobil */,
				242DA3522D0A9D2F00140DD7 /* mobilTests */,
				242DA35C2D0A9D2F00140DD7 /* mobilUITests */,
				242DA33B2D0A9D2D00140DD7 /* Products */,
			);
			sourceTree = "<group>";
		};
		242DA33B2D0A9D2D00140DD7 /* Products */ = {
			isa = PBXGroup;
			children = (
				242DA33A2D0A9D2D00140DD7 /* mobil.app */,
				242DA34F2D0A9D2F00140DD7 /* mobilTests.xctest */,
				242DA3592D0A9D2F00140DD7 /* mobilUITests.xctest */,
			);
			name = Products;
			sourceTree = "<group>";
		};
/* End PBXGroup section */

/* Begin PBXNativeTarget section */
		242DA3392D0A9D2D00140DD7 /* mobil */ = {
			isa = PBXNativeTarget;
			buildConfigurationList = 242DA3632D0A9D2F00140DD7 /* Build configuration list for PBXNativeTarget "mobil" */;
			buildPhases = (
				242DA3362D0A9D2D00140DD7 /* Sources */,
				242DA3372D0A9D2D00140DD7 /* Frameworks */,
				242DA3382D0A9D2D00140DD7 /* Resources */,
			);
			buildRules = (
			);
			dependencies = (
			);
			fileSystemSynchronizedGroups = (
				242DA33C2D0A9D2D00140DD7 /* mobil */,
			);
			name = mobil;
			packageProductDependencies = (
			);
			productName = mobil;
			productReference = 242DA33A2D0A9D2D00140DD7 /* mobil.app */;
			productType = "com.apple.product-type.application";
		};
		242DA34E2D0A9D2F00140DD7 /* mobilTests */ = {
			isa = PBXNativeTarget;
			buildConfigurationList = 242DA3662D0A9D2F00140DD7 /* Build configuration list for PBXNativeTarget "mobilTests" */;
			buildPhases = (
				242DA34B2D0A9D2F00140DD7 /* Sources */,
				242DA34C2D0A9D2F00140DD7 /* Frameworks */,
				242DA34D2D0A9D2F00140DD7 /* Resources */,
			);
			buildRules = (
			);
			dependencies = (
				242DA3512D0A9D2F00140DD7 /* PBXTargetDependency */,
			);
			fileSystemSynchronizedGroups = (
				242DA3522D0A9D2F00140DD7 /* mobilTests */,
			);
			name = mobilTests;
			packageProductDependencies = (
			);
			productName = mobilTests;
			productReference = 242DA34F2D0A9D2F00140DD7 /* mobilTests.xctest */;
			productType = "com.apple.product-type.bundle.unit-test";
		};
		242DA3582D0A9D2F00140DD7 /* mobilUITests */ = {
			isa = PBXNativeTarget;
			buildConfigurationList = 242DA3692D0A9D2F00140DD7 /* Build configuration list for PBXNativeTarget "mobilUITests" */;
			buildPhases = (
				242DA3552D0A9D2F00140DD7 /* Sources */,
				242DA3562D0A9D2F00140DD7 /* Frameworks */,
				242DA3572D0A9D2F00140DD7 /* Resources */,
			);
			buildRules = (
			);
			dependencies = (
				242DA35B2D0A9D2F00140DD7 /* PBXTargetDependency */,
			);
			fileSystemSynchronizedGroups = (
				242DA35C2D0A9D2F00140DD7 /* mobilUITests */,
			);
			name = mobilUITests;
			packageProductDependencies = (
			);
			productName = mobilUITests;
			productReference = 242DA3592D0A9D2F00140DD7 /* mobilUITests.xctest */;
			productType = "com.apple.product-type.bundle.ui-testing";
		};
/* End PBXNativeTarget section */

/* Begin PBXProject section */
		242DA3322D0A9D2D00140DD7 /* Project object */ = {
			isa = PBXProject;
			attributes = {
				BuildIndependentTargetsInParallel = 1;
				LastSwiftUpdateCheck = 1610;
				LastUpgradeCheck = 1610;
				TargetAttributes = {
					242DA3392D0A9D2D00140DD7 = {
						CreatedOnToolsVersion = 16.1;
					};
					242DA34E2D0A9D2F00140DD7 = {
						CreatedOnToolsVersion = 16.1;
						TestTargetID = 242DA3392D0A9D2D00140DD7;
					};
					242DA3582D0A9D2F00140DD7 = {
						CreatedOnToolsVersion = 16.1;
						TestTargetID = 242DA3392D0A9D2D00140DD7;
					};
				};
			};
			buildConfigurationList = 242DA3352D0A9D2D00140DD7 /* Build configuration list for PBXProject "mobil" */;
			developmentRegion = en;
			hasScannedForEncodings = 0;
			knownRegions = (
				en,
				Base,
			);
			mainGroup = 242DA3312D0A9D2D00140DD7;
			minimizedProjectReferenceProxies = 1;
			preferredProjectObjectVersion = 77;
			productRefGroup = 242DA33B2D0A9D2D00140DD7 /* Products */;
			projectDirPath = "";
			projectRoot = "";
			targets = (
				242DA3392D0A9D2D00140DD7 /* mobil */,
				242DA34E2D0A9D2F00140DD7 /* mobilTests */,
				242DA3582D0A9D2F00140DD7 /* mobilUITests */,
			);
		};
/* End PBXProject section */

/* Begin PBXResourcesBuildPhase section */
		242DA3382D0A9D2D00140DD7 /* Resources */ = {
			isa = PBXResourcesBuildPhase;
			buildActionMask = 2147483647;
			files = (
			);
			runOnlyForDeploymentPostprocessing = 0;
		};
		242DA34D2D0A9D2F00140DD7 /* Resources */ = {
			isa = PBXResourcesBuildPhase;
			buildActionMask = 2147483647;
			files = (
			);
			runOnlyForDeploymentPostprocessing = 0;
		};
		242DA3572D0A9D2F00140DD7 /* Resources */ = {
			isa = PBXResourcesBuildPhase;
			buildActionMask = 2147483647;
			files = (
			);
			runOnlyForDeploymentPostprocessing = 0;
		};
/* End PBXResourcesBuildPhase section */

/* Begin PBXSourcesBuildPhase section */
		242DA3362D0A9D2D00140DD7 /* Sources */ = {
			isa = PBXSourcesBuildPhase;
			buildActionMask = 2147483647;
			files = (
			);
			runOnlyForDeploymentPostprocessing = 0;
		};
		242DA34B2D0A9D2F00140DD7 /* Sources */ = {
			isa = PBXSourcesBuildPhase;
			buildActionMask = 2147483647;
			files = (
			);
			runOnlyForDeploymentPostprocessing = 0;
		};
		242DA3552D0A9D2F00140DD7 /* Sources */ = {
			isa = PBXSourcesBuildPhase;
			buildActionMask = 2147483647;
			files = (
			);
			runOnlyForDeploymentPostprocessing = 0;
		};
/* End PBXSourcesBuildPhase section */

/* Begin PBXTargetDependency section */
		242DA3512D0A9D2F00140DD7 /* PBXTargetDependency */ = {
			isa = PBXTargetDependency;
			target = 242DA3392D0A9D2D00140DD7 /* mobil */;
			targetProxy = 242DA3502D0A9D2F00140DD7 /* PBXContainerItemProxy */;
		};
		242DA35B2D0A9D2F00140DD7 /* PBXTargetDependency */ = {
			isa = PBXTargetDependency;
			target = 242DA3392D0A9D2D00140DD7 /* mobil */;
			targetProxy = 242DA35A2D0A9D2F00140DD7 /* PBXContainerItemProxy */;
		};
/* End PBXTargetDependency section */

/* Begin XCBuildConfiguration section */
		242DA3612D0A9D2F00140DD7 /* Debug */ = {
			isa = XCBuildConfiguration;
			buildSettings = {
				ALWAYS_SEARCH_USER_PATHS = NO;
				ASSETCATALOG_COMPILER_GENERATE_SWIFT_ASSET_SYMBOL_EXTENSIONS = YES;
				CLANG_ANALYZER_NONNULL = YES;
				CLANG_ANALYZER_NUMBER_OBJECT_CONVERSION = YES_AGGRESSIVE;
				CLANG_CXX_LANGUAGE_STANDARD = "gnu++20";
				CLANG_ENABLE_MODULES = YES;
				CLANG_ENABLE_OBJC_ARC = YES;
				CLANG_ENABLE_OBJC_WEAK = YES;
				CLANG_WARN_BLOCK_CAPTURE_AUTORELEASING = YES;
				CLANG_WARN_BOOL_CONVERSION = YES;
				CLANG_WARN_COMMA = YES;
				CLANG_WARN_CONSTANT_CONVERSION = YES;
				CLANG_WARN_DEPRECATED_OBJC_IMPLEMENTATIONS = YES;
				CLANG_WARN_DIRECT_OBJC_ISA_USAGE = YES_ERROR;
				CLANG_WARN_DOCUMENTATION_COMMENTS = YES;
				CLANG_WARN_EMPTY_BODY = YES;
				CLANG_WARN_ENUM_CONVERSION = YES;
				CLANG_WARN_INFINITE_RECURSION = YES;
				CLANG_WARN_INT_CONVERSION = YES;
				CLANG_WARN_NON_LITERAL_NULL_CONVERSION = YES;
				CLANG_WARN_OBJC_IMPLICIT_RETAIN_SELF = YES;
				CLANG_WARN_OBJC_LITERAL_CONVERSION = YES;
				CLANG_WARN_OBJC_ROOT_CLASS = YES_ERROR;
				CLANG_WARN_QUOTED_INCLUDE_IN_FRAMEWORK_HEADER = YES;
				CLANG_WARN_RANGE_LOOP_ANALYSIS = YES;
				CLANG_WARN_STRICT_PROTOTYPES = YES;
				CLANG_WARN_SUSPICIOUS_MOVE = YES;
				CLANG_WARN_UNGUARDED_AVAILABILITY = YES_AGGRESSIVE;
				CLANG_WARN_UNREACHABLE_CODE = YES;
				CLANG_WARN__DUPLICATE_METHOD_MATCH = YES;
				COPY_PHASE_STRIP = NO;
				DEBUG_INFORMATION_FORMAT = dwarf;
				ENABLE_STRICT_OBJC_MSGSEND = YES;
				ENABLE_TESTABILITY = YES;
				ENABLE_USER_SCRIPT_SANDBOXING = YES;
				GCC_C_LANGUAGE_STANDARD = gnu17;
				GCC_DYNAMIC_NO_PIC = NO;
				GCC_NO_COMMON_BLOCKS = YES;
				GCC_OPTIMIZATION_LEVEL = 0;
				GCC_PREPROCESSOR_DEFINITIONS = (
					"DEBUG=1",
					"$(inherited)",
				);
				GCC_WARN_64_TO_32_BIT_CONVERSION = YES;
				GCC_WARN_ABOUT_RETURN_TYPE = YES_ERROR;
				GCC_WARN_UNDECLARED_SELECTOR = YES;
				GCC_WARN_UNINITIALIZED_AUTOS = YES_AGGRESSIVE;
				GCC_WARN_UNUSED_FUNCTION = YES;
				GCC_WARN_UNUSED_VARIABLE = YES;
				IPHONEOS_DEPLOYMENT_TARGET = 18.1;
				LOCALIZATION_PREFERS_STRING_CATALOGS = YES;
				MTL_ENABLE_DEBUG_INFO = INCLUDE_SOURCE;
				MTL_FAST_MATH = YES;
				ONLY_ACTIVE_ARCH = YES;
				SDKROOT = iphoneos;
				SWIFT_ACTIVE_COMPILATION_CONDITIONS = "DEBUG $(inherited)";
				SWIFT_OPTIMIZATION_LEVEL = "-Onone";
			};
			name = Debug;
		};
		242DA3622D0A9D2F00140DD7 /* Release */ = {
			isa = XCBuildConfiguration;
			buildSettings = {
				ALWAYS_SEARCH_USER_PATHS = NO;
				ASSETCATALOG_COMPILER_GENERATE_SWIFT_ASSET_SYMBOL_EXTENSIONS = YES;
				CLANG_ANALYZER_NONNULL = YES;
				CLANG_ANALYZER_NUMBER_OBJECT_CONVERSION = YES_AGGRESSIVE;
				CLANG_CXX_LANGUAGE_STANDARD = "gnu++20";
				CLANG_ENABLE_MODULES = YES;
				CLANG_ENABLE_OBJC_ARC = YES;
				CLANG_ENABLE_OBJC_WEAK = YES;
				CLANG_WARN_BLOCK_CAPTURE_AUTORELEASING = YES;
				CLANG_WARN_BOOL_CONVERSION = YES;
				CLANG_WARN_COMMA = YES;
				CLANG_WARN_CONSTANT_CONVERSION = YES;
				CLANG_WARN_DEPRECATED_OBJC_IMPLEMENTATIONS = YES;
				CLANG_WARN_DIRECT_OBJC_ISA_USAGE = YES_ERROR;
				CLANG_WARN_DOCUMENTATION_COMMENTS = YES;
				CLANG_WARN_EMPTY_BODY = YES;
				CLANG_WARN_ENUM_CONVERSION = YES;
				CLANG_WARN_INFINITE_RECURSION = YES;
				CLANG_WARN_INT_CONVERSION = YES;
				CLANG_WARN_NON_LITERAL_NULL_CONVERSION = YES;
				CLANG_WARN_OBJC_IMPLICIT_RETAIN_SELF = YES;
				CLANG_WARN_OBJC_LITERAL_CONVERSION = YES;
				CLANG_WARN_OBJC_ROOT_CLASS = YES_ERROR;
				CLANG_WARN_QUOTED_INCLUDE_IN_FRAMEWORK_HEADER = YES;
				CLANG_WARN_RANGE_LOOP_ANALYSIS = YES;
				CLANG_WARN_STRICT_PROTOTYPES = YES;
				CLANG_WARN_SUSPICIOUS_MOVE = YES;
				CLANG_WARN_UNGUARDED_AVAILABILITY = YES_AGGRESSIVE;
				CLANG_WARN_UNREACHABLE_CODE = YES;
				CLANG_WARN__DUPLICATE_METHOD_MATCH = YES;
				COPY_PHASE_STRIP = NO;
				DEBUG_INFORMATION_FORMAT = "dwarf-with-dsym";
				ENABLE_NS_ASSERTIONS = NO;
				ENABLE_STRICT_OBJC_MSGSEND = YES;
				ENABLE_USER_SCRIPT_SANDBOXING = YES;
				GCC_C_LANGUAGE_STANDARD = gnu17;
				GCC_NO_COMMON_BLOCKS = YES;
				GCC_WARN_64_TO_32_BIT_CONVERSION = YES;
				GCC_WARN_ABOUT_RETURN_TYPE = YES_ERROR;
				GCC_WARN_UNDECLARED_SELECTOR = YES;
				GCC_WARN_UNINITIALIZED_AUTOS = YES_AGGRESSIVE;
				GCC_WARN_UNUSED_FUNCTION = YES;
				GCC_WARN_UNUSED_VARIABLE = YES;
				IPHONEOS_DEPLOYMENT_TARGET = 18.1;
				LOCALIZATION_PREFERS_STRING_CATALOGS = YES;
				MTL_ENABLE_DEBUG_INFO = NO;
				MTL_FAST_MATH = YES;
				SDKROOT = iphoneos;
				SWIFT_COMPILATION_MODE = wholemodule;
				VALIDATE_PRODUCT = YES;
			};
			name = Release;
		};
		242DA3642D0A9D2F00140DD7 /* Debug */ = {
			isa = XCBuildConfiguration;
			buildSettings = {
				ASSETCATALOG_COMPILER_APPICON_NAME = AppIcon;
				ASSETCATALOG_COMPILER_GLOBAL_ACCENT_COLOR_NAME = AccentColor;
				CODE_SIGN_STYLE = Automatic;
				CURRENT_PROJECT_VERSION = 1;
				DEVELOPMENT_ASSET_PATHS = "\"mobil/Preview Content\"";
				DEVELOPMENT_TEAM = GD7JVN8P6N;
				ENABLE_PREVIEWS = YES;
				GENERATE_INFOPLIST_FILE = YES;
				INFOPLIST_KEY_UIApplicationSceneManifest_Generation = YES;
				INFOPLIST_KEY_UIApplicationSupportsIndirectInputEvents = YES;
				INFOPLIST_KEY_UILaunchScreen_Generation = YES;
				INFOPLIST_KEY_UISupportedInterfaceOrientations_iPad = "UIInterfaceOrientationPortrait UIInterfaceOrientationPortraitUpsideDown UIInterfaceOrientationLandscapeLeft UIInterfaceOrientationLandscapeRight";
				INFOPLIST_KEY_UISupportedInterfaceOrientations_iPhone = "UIInterfaceOrientationPortrait UIInterfaceOrientationLandscapeLeft UIInterfaceOrientationLandscapeRight";
				LD_RUNPATH_SEARCH_PATHS = (
					"$(inherited)",
					"@executable_path/Frameworks",
				);
				MARKETING_VERSION = 1.0;
				PRODUCT_BUNDLE_IDENTIFIER = com.may.mobil;
				PRODUCT_NAME = "$(TARGET_NAME)";
				SWIFT_EMIT_LOC_STRINGS = YES;
				SWIFT_VERSION = 5.0;
				TARGETED_DEVICE_FAMILY = "1,2";
			};
			name = Debug;
		};
		242DA3652D0A9D2F00140DD7 /* Release */ = {
			isa = XCBuildConfiguration;
			buildSettings = {
				ASSETCATALOG_COMPILER_APPICON_NAME = AppIcon;
				ASSETCATALOG_COMPILER_GLOBAL_ACCENT_COLOR_NAME = AccentColor;
				CODE_SIGN_STYLE = Automatic;
				CURRENT_PROJECT_VERSION = 1;
				DEVELOPMENT_ASSET_PATHS = "\"mobil/Preview Content\"";
				DEVELOPMENT_TEAM = GD7JVN8P6N;
				ENABLE_PREVIEWS = YES;
				GENERATE_INFOPLIST_FILE = YES;
				INFOPLIST_KEY_UIApplicationSceneManifest_Generation = YES;
				INFOPLIST_KEY_UIApplicationSupportsIndirectInputEvents = YES;
				INFOPLIST_KEY_UILaunchScreen_Generation = YES;
				INFOPLIST_KEY_UISupportedInterfaceOrientations_iPad = "UIInterfaceOrientationPortrait UIInterfaceOrientationPortraitUpsideDown UIInterfaceOrientationLandscapeLeft UIInterfaceOrientationLandscapeRight";
				INFOPLIST_KEY_UISupportedInterfaceOrientations_iPhone = "UIInterfaceOrientationPortrait UIInterfaceOrientationLandscapeLeft UIInterfaceOrientationLandscapeRight";
				LD_RUNPATH_SEARCH_PATHS = (
					"$(inherited)",
					"@executable_path/Frameworks",
				);
				MARKETING_VERSION = 1.0;
				PRODUCT_BUNDLE_IDENTIFIER = com.may.mobil;
				PRODUCT_NAME = "$(TARGET_NAME)";
				SWIFT_EMIT_LOC_STRINGS = YES;
				SWIFT_VERSION = 5.0;
				TARGETED_DEVICE_FAMILY = "1,2";
			};
			name = Release;
		};
		242DA3672D0A9D2F00140DD7 /* Debug */ = {
			isa = XCBuildConfiguration;
			buildSettings = {
				BUNDLE_LOADER = "$(TEST_HOST)";
				CODE_SIGN_STYLE = Automatic;
				CURRENT_PROJECT_VERSION = 1;
				DEVELOPMENT_TEAM = GD7JVN8P6N;
				GENERATE_INFOPLIST_FILE = YES;
				IPHONEOS_DEPLOYMENT_TARGET = 18.1;
				MARKETING_VERSION = 1.0;
				PRODUCT_BUNDLE_IDENTIFIER = com.may.mobilTests;
				PRODUCT_NAME = "$(TARGET_NAME)";
				SWIFT_EMIT_LOC_STRINGS = NO;
				SWIFT_VERSION = 5.0;
				TARGETED_DEVICE_FAMILY = "1,2";
				TEST_HOST = "$(BUILT_PRODUCTS_DIR)/mobil.app/$(BUNDLE_EXECUTABLE_FOLDER_PATH)/mobil";
			};
			name = Debug;
		};
		242DA3682D0A9D2F00140DD7 /* Release */ = {
			isa = XCBuildConfiguration;
			buildSettings = {
				BUNDLE_LOADER = "$(TEST_HOST)";
				CODE_SIGN_STYLE = Automatic;
				CURRENT_PROJECT_VERSION = 1;
				DEVELOPMENT_TEAM = GD7JVN8P6N;
				GENERATE_INFOPLIST_FILE = YES;
				IPHONEOS_DEPLOYMENT_TARGET = 18.1;
				MARKETING_VERSION = 1.0;
				PRODUCT_BUNDLE_IDENTIFIER = com.may.mobilTests;
				PRODUCT_NAME = "$(TARGET_NAME)";
				SWIFT_EMIT_LOC_STRINGS = NO;
				SWIFT_VERSION = 5.0;
				TARGETED_DEVICE_FAMILY = "1,2";
				TEST_HOST = "$(BUILT_PRODUCTS_DIR)/mobil.app/$(BUNDLE_EXECUTABLE_FOLDER_PATH)/mobil";
			};
			name = Release;
		};
		242DA36A2D0A9D2F00140DD7 /* Debug */ = {
			isa = XCBuildConfiguration;
			buildSettings = {
				CODE_SIGN_STYLE = Automatic;
				CURRENT_PROJECT_VERSION = 1;
				DEVELOPMENT_TEAM = GD7JVN8P6N;
				GENERATE_INFOPLIST_FILE = YES;
				MARKETING_VERSION = 1.0;
				PRODUCT_BUNDLE_IDENTIFIER = com.may.mobilUITests;
				PRODUCT_NAME = "$(TARGET_NAME)";
				SWIFT_EMIT_LOC_STRINGS = NO;
				SWIFT_VERSION = 5.0;
				TARGETED_DEVICE_FAMILY = "1,2";
				TEST_TARGET_NAME = mobil;
			};
			name = Debug;
		};
		242DA36B2D0A9D2F00140DD7 /* Release */ = {
			isa = XCBuildConfiguration;
			buildSettings = {
				CODE_SIGN_STYLE = Automatic;
				CURRENT_PROJECT_VERSION = 1;
				DEVELOPMENT_TEAM = GD7JVN8P6N;
				GENERATE_INFOPLIST_FILE = YES;
				MARKETING_VERSION = 1.0;
				PRODUCT_BUNDLE_IDENTIFIER = com.may.mobilUITests;
				PRODUCT_NAME = "$(TARGET_NAME)";
				SWIFT_EMIT_LOC_STRINGS = NO;
				SWIFT_VERSION = 5.0;
				TARGETED_DEVICE_FAMILY = "1,2";
				TEST_TARGET_NAME = mobil;
			};
			name = Release;
		};
/* End XCBuildConfiguration section */

/* Begin XCConfigurationList section */
		242DA3352D0A9D2D00140DD7 /* Build configuration list for PBXProject "mobil" */ = {
			isa = XCConfigurationList;
			buildConfigurations = (
				242DA3612D0A9D2F00140DD7 /* Debug */,
				242DA3622D0A9D2F00140DD7 /* Release */,
			);
			defaultConfigurationIsVisible = 0;
			defaultConfigurationName = Release;
		};
		242DA3632D0A9D2F00140DD7 /* Build configuration list for PBXNativeTarget "mobil" */ = {
			isa = XCConfigurationList;
			buildConfigurations = (
				242DA3642D0A9D2F00140DD7 /* Debug */,
				242DA3652D0A9D2F00140DD7 /* Release */,
			);
			defaultConfigurationIsVisible = 0;
			defaultConfigurationName = Release;
		};
		242DA3662D0A9D2F00140DD7 /* Build configuration list for PBXNativeTarget "mobilTests" */ = {
			isa = XCConfigurationList;
			buildConfigurations = (
				242DA3672D0A9D2F00140DD7 /* Debug */,
				242DA3682D0A9D2F00140DD7 /* Release */,
			);
			defaultConfigurationIsVisible = 0;
			defaultConfigurationName = Release;
		};
		242DA3692D0A9D2F00140DD7 /* Build configuration list for PBXNativeTarget "mobilUITests" */ = {
			isa = XCConfigurationList;
			buildConfigurations = (
				242DA36A2D0A9D2F00140DD7 /* Debug */,
				242DA36B2D0A9D2F00140DD7 /* Release */,
			);
			defaultConfigurationIsVisible = 0;
			defaultConfigurationName = Release;
		};
/* End XCConfigurationList section */
	};
	rootObject = 242DA3322D0A9D2D00140DD7 /* Project object */;
}
